
Microsoft Visual Studio Solution File, Format Version 12.00
# Visual Studio Version 17
VisualStudioVersion = 17.0.31903.59
MinimumVisualStudioVersion = 10.0.40219.1
Project("{FAE04EC0-301F-11D3-BF4B-00C04F79EFBC}") = "Domain", "Domain\Domain.csproj", "{53AAD1E8-A2A2-4E6D-89FF-613E970C2502}"
EndProject
Project("{FAE04EC0-301F-11D3-BF4B-00C04F79EFBC}") = "Infrastructure", "Infrastructure\Infrastructure.csproj", "{F3964F89-A27C-48B7-8821-A16211A02083}"
EndProject
Project("{FAE04EC0-301F-11D3-BF4B-00C04F79EFBC}") = "WebApi", "WebApi\WebApi.csproj", "{A66E336F-208B-43CC-B442-C1B858A017BB}"
EndProject
Global
	GlobalSection(SolutionConfigurationPlatforms) = preSolution
		Debug|Any CPU = Debug|Any CPU
		Release|Any CPU = Release|Any CPU
	EndGlobalSection
	GlobalSection(SolutionProperties) = preSolution
		HideSolutionNode = FALSE
	EndGlobalSection
	GlobalSection(ProjectConfigurationPlatforms) = postSolution
		{53AAD1E8-A2A2-4E6D-89FF-613E970C2502}.Debug|Any CPU.ActiveCfg = Debug|Any CPU
		{53AAD1E8-A2A2-4E6D-89FF-613E970C2502}.Debug|Any CPU.Build.0 = Debug|Any CPU
		{53AAD1E8-A2A2-4E6D-89FF-613E970C2502}.Release|Any CPU.ActiveCfg = Release|Any CPU
		{53AAD1E8-A2A2-4E6D-89FF-613E970C2502}.Release|Any CPU.Build.0 = Release|Any CPU
		{F3964F89-A27C-48B7-8821-A16211A02083}.Debug|Any CPU.ActiveCfg = Debug|Any CPU
		{F3964F89-A27C-48B7-8821-A16211A02083}.Debug|Any CPU.Build.0 = Debug|Any CPU
		{F3964F89-A27C-48B7-8821-A16211A02083}.Release|Any CPU.ActiveCfg = Release|Any CPU
		{F3964F89-A27C-48B7-8821-A16211A02083}.Release|Any CPU.Build.0 = Release|Any CPU
		{A66E336F-208B-43CC-B442-C1B858A017BB}.Debug|Any CPU.ActiveCfg = Debug|Any CPU
		{A66E336F-208B-43CC-B442-C1B858A017BB}.Debug|Any CPU.Build.0 = Debug|Any CPU
		{A66E336F-208B-43CC-B442-C1B858A017BB}.Release|Any CPU.ActiveCfg = Release|Any CPU
		{A66E336F-208B-43CC-B442-C1B858A017BB}.Release|Any CPU.Build.0 = Release|Any CPU
	EndGlobalSection
EndGlobal
